{
  "name": "@fixture/console",
  "version": "1.0.0",
  "lockfileVersion": 3,
  "requires": true,
  "packages": {
    "": {
      "name": "@fixture/console",
      "version": "1.0.0",
      "dependencies": { "@fixture/runtime": "^2.3.4" }
    },
    "node_modules/@fixture/runtime": {
      "name": "@fixture/runtime",
      "version": "2.3.4"
    }
  }
}
